
Microsoft Visual Studio Solution File, Format Version 12.00
# Visual Studio 15
VisualStudioVersion = 15.0.28010.2046
MinimumVisualStudioVersion = 10.0.40219.1
Project("{FAE04EC0-301F-11D3-BF4B-00C04F79EFBC}") = "WebApplication1", "WebApplication1\WebApplication1.csproj", "{4BEBD702-B9D0-4EBD-B745-3E2498843959}"
EndProject
Global
	GlobalSection(SolutionConfigurationPlatforms) = preSolution
		Debug|Any CPU = Debug|Any CPU
		Release|Any CPU = Release|Any CPU
	EndGlobalSection
	GlobalSection(ProjectConfigurationPlatforms) = postSolution
		{4BEBD702-B9D0-4EBD-B745-3E2498843959}.Debug|Any CPU.ActiveCfg = Debug|Any CPU
		{4BEBD702-B9D0-4EBD-B745-3E2498843959}.Debug|Any CPU.Build.0 = Debug|Any CPU
		{4BEBD702-B9D0-4EBD-B745-3E2498843959}.Release|Any CPU.ActiveCfg = Release|Any CPU
		{4BEBD702-B9D0-4EBD-B745-3E2498843959}.Release|Any CPU.Build.0 = Release|Any CPU
	EndGlobalSection
	GlobalSection(SolutionProperties) = preSolution
		HideSolutionNode = FALSE
	EndGlobalSection
	GlobalSection(ExtensibilityGlobals) = postSolution
		SolutionGuid = {9B240D05-6603-4F24-BEC6-BDB50BB62F6B}
	EndGlobalSection
EndGlobal
